
Microsoft Visual Studio Solution File, Format Version 12.00
# Visual Studio Version 17
VisualStudioVersion = 17.0.31903.59
MinimumVisualStudioVersion = 10.0.40219.1
Project("{FAE04EC0-301F-11D3-BF4B-00C04F79EFBC}") = "Common", "Common\Common.csproj", "{01680904-99F5-476D-BDA3-C7D54B2AC7CA}"
EndProject
Project("{FAE04EC0-301F-11D3-BF4B-00C04F79EFBC}") = "Startup", "Startup\Startup.csproj", "{5BD25B82-ED01-44C9-B854-BB1478BF05BE}"
EndProject
Global
	GlobalSection(SolutionConfigurationPlatforms) = preSolution
		Debug|Any CPU = Debug|Any CPU
		Release|Any CPU = Release|Any CPU
	EndGlobalSection
	GlobalSection(SolutionProperties) = preSolution
		HideSolutionNode = FALSE
	EndGlobalSection
	GlobalSection(ProjectConfigurationPlatforms) = postSolution
		{01680904-99F5-476D-BDA3-C7D54B2AC7CA}.Debug|Any CPU.ActiveCfg = Debug|Any CPU
		{01680904-99F5-476D-BDA3-C7D54B2AC7CA}.Debug|Any CPU.Build.0 = Debug|Any CPU
		{01680904-99F5-476D-BDA3-C7D54B2AC7CA}.Release|Any CPU.ActiveCfg = Release|Any CPU
		{01680904-99F5-476D-BDA3-C7D54B2AC7CA}.Release|Any CPU.Build.0 = Release|Any CPU
		{5BD25B82-ED01-44C9-B854-BB1478BF05BE}.Debug|Any CPU.ActiveCfg = Debug|Any CPU
		{5BD25B82-ED01-44C9-B854-BB1478BF05BE}.Debug|Any CPU.Build.0 = Debug|Any CPU
		{5BD25B82-ED01-44C9-B854-BB1478BF05BE}.Release|Any CPU.ActiveCfg = Release|Any CPU
		{5BD25B82-ED01-44C9-B854-BB1478BF05BE}.Release|Any CPU.Build.0 = Release|Any CPU
	EndGlobalSection
EndGlobal
